// !$*UTF8*$!
{
	archiveVersion = 1;
	classes = {
	};
	objectVersion = 46;
	objects = {

/* Begin PBXBuildFile section */
		5B1C9EF218BFB05600F0D092 /* RConstant_Test.m in Sources */ = {isa = PBXBuildFile; fileRef = 5B1C9EF118BFB05600F0D092 /* RConstant_Test.m */; };
		5B1C9EF318BFB17E00F0D092 /* libObjR-OSX.a in Frameworks */ = {isa = PBXBuildFile; fileRef = 5B1C9E8318BF917500F0D092 /* libObjR-OSX.a */; };
		5B1C9F4718C21B6100F0D092 /* ROperators+NSNumber_Test.m in Sources */ = {isa = PBXBuildFile; fileRef = 5B1C9F4618C21B6100F0D092 /* ROperators+NSNumber_Test.m */; };
		5B1C9F4D18C2242100F0D092 /* RUnaryOperation_Test.m in Sources */ = {isa = PBXBuildFile; fileRef = 5B1C9F4C18C2242100F0D092 /* RUnaryOperation_Test.m */; };
		5B1C9F4F18C22F6700F0D092 /* RBinaryOperation_Test.m in Sources */ = {isa = PBXBuildFile; fileRef = 5B1C9F4E18C22F6700F0D092 /* RBinaryOperation_Test.m */; };
		5B5707A018C2512F00CAEA5E /* RScope_Test.m in Sources */ = {isa = PBXBuildFile; fileRef = 5B57079F18C2512F00CAEA5E /* RScope_Test.m */; };
		5B5707AA18C3390700CAEA5E /* RIfElseBranch_Test.m in Sources */ = {isa = PBXBuildFile; fileRef = 5B5707A918C3390700CAEA5E /* RIfElseBranch_Test.m */; };
		5B5707B018C33D4600CAEA5E /* RWhileLoop_Test.m in Sources */ = {isa = PBXBuildFile; fileRef = 5B5707AF18C33D4600CAEA5E /* RWhileLoop_Test.m */; };
		5B57081718C39E4C00CAEA5E /* Objective-R_Test.m in Sources */ = {isa = PBXBuildFile; fileRef = 5B57081618C39E4C00CAEA5E /* Objective-R_Test.m */; };
		5B57081818C3ABBD00CAEA5E /* RThing.m in Sources */ = {isa = PBXBuildFile; fileRef = 5B57080318C3966F00CAEA5E /* RThing.m */; };
		5B57081918C3ABCE00CAEA5E /* RExpression.m in Sources */ = {isa = PBXBuildFile; fileRef = 5B5707E718C3964F00CAEA5E /* RExpression.m */; };
		5B57081A18C3ABCE00CAEA5E /* RConstant.m in Sources */ = {isa = PBXBuildFile; fileRef = 5B5707E518C3964F00CAEA5E /* RConstant.m */; };
		5B57081B18C3ABCE00CAEA5E /* RScope.m in Sources */ = {isa = PBXBuildFile; fileRef = 5B5707E918C3964F00CAEA5E /* RScope.m */; };
		5B57081C18C3ABCE00CAEA5E /* ROperation.m in Sources */ = {isa = PBXBuildFile; fileRef = 5B5707DA18C3964F00CAEA5E /* ROperation.m */; };
		5B57081D18C3ABCE00CAEA5E /* RUnaryOperation.m in Sources */ = {isa = PBXBuildFile; fileRef = 5B5707E018C3964F00CAEA5E /* RUnaryOperation.m */; };
		5B57081E18C3ABCE00CAEA5E /* RBinaryOperation.m in Sources */ = {isa = PBXBuildFile; fileRef = 5B5707D618C3964F00CAEA5E /* RBinaryOperation.m */; };
		5B57081F18C3ABCE00CAEA5E /* RExpression+ROperation.m in Sources */ = {isa = PBXBuildFile; fileRef = 5B5707D818C3964F00CAEA5E /* RExpression+ROperation.m */; };
		5B57082018C3ABCE00CAEA5E /* ROperators+NSObject.m in Sources */ = {isa = PBXBuildFile; fileRef = 5B5707DE18C3964F00CAEA5E /* ROperators+NSObject.m */; };
		5B57082118C3ABCE00CAEA5E /* ROperators+NSNumber.m in Sources */ = {isa = PBXBuildFile; fileRef = 5B5707DC18C3964F00CAEA5E /* ROperators+NSNumber.m */; };
		5B57082218C3ABE600CAEA5E /* RBranch.m in Sources */ = {isa = PBXBuildFile; fileRef = 5B5707CD18C3964F00CAEA5E /* RBranch.m */; };
		5B57082318C3ABE600CAEA5E /* RIfElseBranch.m in Sources */ = {isa = PBXBuildFile; fileRef = 5B5707CF18C3964F00CAEA5E /* RIfElseBranch.m */; };
		5B57082418C3ABE600CAEA5E /* RLoop.m in Sources */ = {isa = PBXBuildFile; fileRef = 5B5707D118C3964F00CAEA5E /* RLoop.m */; };
		5B57082518C3ABE600CAEA5E /* RWhileLoop.m in Sources */ = {isa = PBXBuildFile; fileRef = 5B5707D318C3964F00CAEA5E /* RWhileLoop.m */; };
		5B57082618C3ABE600CAEA5E /* RFunction.m in Sources */ = {isa = PBXBuildFile; fileRef = 5B57081118C3990000CAEA5E /* RFunction.m */; };
		5B57082718C3ABE600CAEA5E /* RArgument.m in Sources */ = {isa = PBXBuildFile; fileRef = 5B57081418C39A1D00CAEA5E /* RArgument.m */; };
		5B57082818C3ABE600CAEA5E /* RResult.m in Sources */ = {isa = PBXBuildFile; fileRef = 5B5707EC18C3964F00CAEA5E /* RResult.m */; };
		5B57082918C3ABE600CAEA5E /* RVariable.m in Sources */ = {isa = PBXBuildFile; fileRef = 5B5707EF18C3964F00CAEA5E /* RVariable.m */; };
		5B57082A18C3ABE600CAEA5E /* RProcess.m in Sources */ = {isa = PBXBuildFile; fileRef = 5B57080718C396DF00CAEA5E /* RProcess.m */; };
		5B57082B18C3ABE600CAEA5E /* RCall.m in Sources */ = {isa = PBXBuildFile; fileRef = 5B57080A18C396DF00CAEA5E /* RCall.m */; };
		5B57082C18C3ABE600CAEA5E /* RFrame.m in Sources */ = {isa = PBXBuildFile; fileRef = 5B57080C18C396DF00CAEA5E /* RFrame.m */; };
		5B57083218C3B3B400CAEA5E /* RForLoop.m in Sources */ = {isa = PBXBuildFile; fileRef = 5B57083118C3B3B400CAEA5E /* RForLoop.m */; };
		5B57083518C3B59000CAEA5E /* RSetStorage.m in Sources */ = {isa = PBXBuildFile; fileRef = 5B57083418C3B59000CAEA5E /* RSetStorage.m */; };
		5B630BF318C474F80010639F /* RStorage.h in Headers */ = {isa = PBXBuildFile; fileRef = 5B630BF118C474F80010639F /* RStorage.h */; };
		5B630BF418C474F80010639F /* RStorage.m in Sources */ = {isa = PBXBuildFile; fileRef = 5B630BF218C474F80010639F /* RStorage.m */; };
/* End PBXBuildFile section */

/* Begin PBXContainerItemProxy section */
		5B1C9EE618BFAFEE00F0D092 /* PBXContainerItemProxy */ = {
			isa = PBXContainerItemProxy;
			containerPortal = 5B1C9E7918BF90F900F0D092 /* Project object */;
			proxyType = 1;
			remoteGlobalIDString = 5B1C9E8218BF917500F0D092;
			remoteInfo = "Objective-R OS X";
		};
/* End PBXContainerItemProxy section */

/* Begin PBXFileReference section */
		5B1C9E8318BF917500F0D092 /* libObjR-OSX.a */ = {isa = PBXFileReference; explicitFileType = archive.ar; includeInIndex = 0; path = "libObjR-OSX.a"; sourceTree = BUILT_PRODUCTS_DIR; };
		5B1C9EB018BF920F00F0D092 /* Objective-R.h */ = {isa = PBXFileReference; lastKnownFileType = sourcecode.c.h; path = "Objective-R.h"; sourceTree = "<group>"; };
		5B1C9ED918BFAFEE00F0D092 /* Objective-R Tests.xctest */ = {isa = PBXFileReference; explicitFileType = wrapper.cfbundle; includeInIndex = 0; path = "Objective-R Tests.xctest"; sourceTree = BUILT_PRODUCTS_DIR; };
		5B1C9EEC18BFB03600F0D092 /* Info.plist */ = {isa = PBXFileReference; fileEncoding = 4; lastKnownFileType = text.plist.xml; path = Info.plist; sourceTree = "<group>"; };
		5B1C9EEE18BFB03600F0D092 /* Prefix.pch */ = {isa = PBXFileReference; fileEncoding = 4; lastKnownFileType = sourcecode.c.h; path = Prefix.pch; sourceTree = "<group>"; };
		5B1C9EF118BFB05600F0D092 /* RConstant_Test.m */ = {isa = PBXFileReference; fileEncoding = 4; lastKnownFileType = sourcecode.c.objc; path = RConstant_Test.m; sourceTree = "<group>"; };
		5B1C9F4618C21B6100F0D092 /* ROperators+NSNumber_Test.m */ = {isa = PBXFileReference; fileEncoding = 4; lastKnownFileType = sourcecode.c.objc; path = "ROperators+NSNumber_Test.m"; sourceTree = "<group>"; };
		5B1C9F4C18C2242100F0D092 /* RUnaryOperation_Test.m */ = {isa = PBXFileReference; fileEncoding = 4; lastKnownFileType = sourcecode.c.objc; path = RUnaryOperation_Test.m; sourceTree = "<group>"; };
		5B1C9F4E18C22F6700F0D092 /* RBinaryOperation_Test.m */ = {isa = PBXFileReference; fileEncoding = 4; lastKnownFileType = sourcecode.c.objc; path = RBinaryOperation_Test.m; sourceTree = "<group>"; };
		5B57079F18C2512F00CAEA5E /* RScope_Test.m */ = {isa = PBXFileReference; fileEncoding = 4; lastKnownFileType = sourcecode.c.objc; path = RScope_Test.m; sourceTree = "<group>"; };
		5B5707A918C3390700CAEA5E /* RIfElseBranch_Test.m */ = {isa = PBXFileReference; fileEncoding = 4; lastKnownFileType = sourcecode.c.objc; path = RIfElseBranch_Test.m; sourceTree = "<group>"; };
		5B5707AF18C33D4600CAEA5E /* RWhileLoop_Test.m */ = {isa = PBXFileReference; fileEncoding = 4; lastKnownFileType = sourcecode.c.objc; path = RWhileLoop_Test.m; sourceTree = "<group>"; };
		5B5707CC18C3964F00CAEA5E /* RBranch.h */ = {isa = PBXFileReference; fileEncoding = 4; lastKnownFileType = sourcecode.c.h; path = RBranch.h; sourceTree = "<group>"; };
		5B5707CD18C3964F00CAEA5E /* RBranch.m */ = {isa = PBXFileReference; fileEncoding = 4; lastKnownFileType = sourcecode.c.objc; path = RBranch.m; sourceTree = "<group>"; };
		5B5707CE18C3964F00CAEA5E /* RIfElseBranch.h */ = {isa = PBXFileReference; fileEncoding = 4; lastKnownFileType = sourcecode.c.h; path = RIfElseBranch.h; sourceTree = "<group>"; };
		5B5707CF18C3964F00CAEA5E /* RIfElseBranch.m */ = {isa = PBXFileReference; fileEncoding = 4; lastKnownFileType = sourcecode.c.objc; path = RIfElseBranch.m; sourceTree = "<group>"; };
		5B5707D018C3964F00CAEA5E /* RLoop.h */ = {isa = PBXFileReference; fileEncoding = 4; lastKnownFileType = sourcecode.c.h; path = RLoop.h; sourceTree = "<group>"; };
		5B5707D118C3964F00CAEA5E /* RLoop.m */ = {isa = PBXFileReference; fileEncoding = 4; lastKnownFileType = sourcecode.c.objc; path = RLoop.m; sourceTree = "<group>"; };
		5B5707D218C3964F00CAEA5E /* RWhileLoop.h */ = {isa = PBXFileReference; fileEncoding = 4; lastKnownFileType = sourcecode.c.h; path = RWhileLoop.h; sourceTree = "<group>"; };
		5B5707D318C3964F00CAEA5E /* RWhileLoop.m */ = {isa = PBXFileReference; fileEncoding = 4; lastKnownFileType = sourcecode.c.objc; path = RWhileLoop.m; sourceTree = "<group>"; };
		5B5707D518C3964F00CAEA5E /* RBinaryOperation.h */ = {isa = PBXFileReference; fileEncoding = 4; lastKnownFileType = sourcecode.c.h; path = RBinaryOperation.h; sourceTree = "<group>"; };
		5B5707D618C3964F00CAEA5E /* RBinaryOperation.m */ = {isa = PBXFileReference; fileEncoding = 4; lastKnownFileType = sourcecode.c.objc; path = RBinaryOperation.m; sourceTree = "<group>"; };
		5B5707D718C3964F00CAEA5E /* RExpression+ROperation.h */ = {isa = PBXFileReference; fileEncoding = 4; lastKnownFileType = sourcecode.c.h; path = "RExpression+ROperation.h"; sourceTree = "<group>"; };
		5B5707D818C3964F00CAEA5E /* RExpression+ROperation.m */ = {isa = PBXFileReference; fileEncoding = 4; lastKnownFileType = sourcecode.c.objc; path = "RExpression+ROperation.m"; sourceTree = "<group>"; };
		5B5707D918C3964F00CAEA5E /* ROperation.h */ = {isa = PBXFileReference; fileEncoding = 4; lastKnownFileType = sourcecode.c.h; path = ROperation.h; sourceTree = "<group>"; };
		5B5707DA18C3964F00CAEA5E /* ROperation.m */ = {isa = PBXFileReference; fileEncoding = 4; lastKnownFileType = sourcecode.c.objc; path = ROperation.m; sourceTree = "<group>"; };
		5B5707DB18C3964F00CAEA5E /* ROperators+NSNumber.h */ = {isa = PBXFileReference; fileEncoding = 4; lastKnownFileType = sourcecode.c.h; path = "ROperators+NSNumber.h"; sourceTree = "<group>"; };
		5B5707DC18C3964F00CAEA5E /* ROperators+NSNumber.m */ = {isa = PBXFileReference; fileEncoding = 4; lastKnownFileType = sourcecode.c.objc; path = "ROperators+NSNumber.m"; sourceTree = "<group>"; };
		5B5707DD18C3964F00CAEA5E /* ROperators+NSObject.h */ = {isa = PBXFileReference; fileEncoding = 4; lastKnownFileType = sourcecode.c.h; path = "ROperators+NSObject.h"; sourceTree = "<group>"; };
		5B5707DE18C3964F00CAEA5E /* ROperators+NSObject.m */ = {isa = PBXFileReference; fileEncoding = 4; lastKnownFileType = sourcecode.c.objc; path = "ROperators+NSObject.m"; sourceTree = "<group>"; };
		5B5707DF18C3964F00CAEA5E /* RUnaryOperation.h */ = {isa = PBXFileReference; fileEncoding = 4; lastKnownFileType = sourcecode.c.h; path = RUnaryOperation.h; sourceTree = "<group>"; };
		5B5707E018C3964F00CAEA5E /* RUnaryOperation.m */ = {isa = PBXFileReference; fileEncoding = 4; lastKnownFileType = sourcecode.c.objc; path = RUnaryOperation.m; sourceTree = "<group>"; };
		5B5707E418C3964F00CAEA5E /* RConstant.h */ = {isa = PBXFileReference; fileEncoding = 4; lastKnownFileType = sourcecode.c.h; path = RConstant.h; sourceTree = "<group>"; };
		5B5707E518C3964F00CAEA5E /* RConstant.m */ = {isa = PBXFileReference; fileEncoding = 4; lastKnownFileType = sourcecode.c.objc; path = RConstant.m; sourceTree = "<group>"; };
		5B5707E618C3964F00CAEA5E /* RExpression.h */ = {isa = PBXFileReference; fileEncoding = 4; lastKnownFileType = sourcecode.c.h; path = RExpression.h; sourceTree = "<group>"; };
		5B5707E718C3964F00CAEA5E /* RExpression.m */ = {isa = PBXFileReference; fileEncoding = 4; lastKnownFileType = sourcecode.c.objc; path = RExpression.m; sourceTree = "<group>"; };
		5B5707E818C3964F00CAEA5E /* RScope.h */ = {isa = PBXFileReference; fileEncoding = 4; lastKnownFileType = sourcecode.c.h; path = RScope.h; sourceTree = "<group>"; };
		5B5707E918C3964F00CAEA5E /* RScope.m */ = {isa = PBXFileReference; fileEncoding = 4; lastKnownFileType = sourcecode.c.objc; path = RScope.m; sourceTree = "<group>"; };
		5B5707EB18C3964F00CAEA5E /* RResult.h */ = {isa = PBXFileReference; fileEncoding = 4; lastKnownFileType = sourcecode.c.h; path = RResult.h; sourceTree = "<group>"; };
		5B5707EC18C3964F00CAEA5E /* RResult.m */ = {isa = PBXFileReference; fileEncoding = 4; lastKnownFileType = sourcecode.c.objc; path = RResult.m; sourceTree = "<group>"; };
		5B5707EE18C3964F00CAEA5E /* RVariable.h */ = {isa = PBXFileReference; fileEncoding = 4; lastKnownFileType = sourcecode.c.h; path = RVariable.h; sourceTree = "<group>"; };
		5B5707EF18C3964F00CAEA5E /* RVariable.m */ = {isa = PBXFileReference; fileEncoding = 4; lastKnownFileType = sourcecode.c.objc; path = RVariable.m; sourceTree = "<group>"; };
		5B57080218C3966F00CAEA5E /* RThing.h */ = {isa = PBXFileReference; fileEncoding = 4; lastKnownFileType = sourcecode.c.h; path = RThing.h; sourceTree = "<group>"; };
		5B57080318C3966F00CAEA5E /* RThing.m */ = {isa = PBXFileReference; fileEncoding = 4; lastKnownFileType = sourcecode.c.objc; path = RThing.m; sourceTree = "<group>"; };
		5B57080618C396DF00CAEA5E /* RProcess.h */ = {isa = PBXFileReference; fileEncoding = 4; lastKnownFileType = sourcecode.c.h; path = RProcess.h; sourceTree = "<group>"; };
		5B57080718C396DF00CAEA5E /* RProcess.m */ = {isa = PBXFileReference; fileEncoding = 4; lastKnownFileType = sourcecode.c.objc; path = RProcess.m; sourceTree = "<group>"; };
		5B57080918C396DF00CAEA5E /* RCall.h */ = {isa = PBXFileReference; fileEncoding = 4; lastKnownFileType = sourcecode.c.h; path = RCall.h; sourceTree = "<group>"; };
		5B57080A18C396DF00CAEA5E /* RCall.m */ = {isa = PBXFileReference; fileEncoding = 4; lastKnownFileType = sourcecode.c.objc; path = RCall.m; sourceTree = "<group>"; };
		5B57080B18C396DF00CAEA5E /* RFrame.h */ = {isa = PBXFileReference; fileEncoding = 4; lastKnownFileType = sourcecode.c.h; path = RFrame.h; sourceTree = "<group>"; };
		5B57080C18C396DF00CAEA5E /* RFrame.m */ = {isa = PBXFileReference; fileEncoding = 4; lastKnownFileType = sourcecode.c.objc; path = RFrame.m; sourceTree = "<group>"; };
		5B57081018C3990000CAEA5E /* RFunction.h */ = {isa = PBXFileReference; fileEncoding = 4; lastKnownFileType = sourcecode.c.h; path = RFunction.h; sourceTree = "<group>"; };
		5B57081118C3990000CAEA5E /* RFunction.m */ = {isa = PBXFileReference; fileEncoding = 4; lastKnownFileType = sourcecode.c.objc; path = RFunction.m; sourceTree = "<group>"; };
		5B57081318C39A1D00CAEA5E /* RArgument.h */ = {isa = PBXFileReference; fileEncoding = 4; lastKnownFileType = sourcecode.c.h; path = RArgument.h; sourceTree = "<group>"; };
		5B57081418C39A1D00CAEA5E /* RArgument.m */ = {isa = PBXFileReference; fileEncoding = 4; lastKnownFileType = sourcecode.c.objc; path = RArgument.m; sourceTree = "<group>"; };
		5B57081618C39E4C00CAEA5E /* Objective-R_Test.m */ = {isa = PBXFileReference; fileEncoding = 4; lastKnownFileType = sourcecode.c.objc; path = "Objective-R_Test.m"; sourceTree = "<group>"; };
		5B57083018C3B3B400CAEA5E /* RForLoop.h */ = {isa = PBXFileReference; fileEncoding = 4; lastKnownFileType = sourcecode.c.h; path = RForLoop.h; sourceTree = "<group>"; };
		5B57083118C3B3B400CAEA5E /* RForLoop.m */ = {isa = PBXFileReference; fileEncoding = 4; lastKnownFileType = sourcecode.c.objc; path = RForLoop.m; sourceTree = "<group>"; };
		5B57083318C3B59000CAEA5E /* RSetStorage.h */ = {isa = PBXFileReference; fileEncoding = 4; lastKnownFileType = sourcecode.c.h; path = RSetStorage.h; sourceTree = "<group>"; };
		5B57083418C3B59000CAEA5E /* RSetStorage.m */ = {isa = PBXFileReference; fileEncoding = 4; lastKnownFileType = sourcecode.c.objc; path = RSetStorage.m; sourceTree = "<group>"; };
		5B630BF118C474F80010639F /* RStorage.h */ = {isa = PBXFileReference; fileEncoding = 4; lastKnownFileType = sourcecode.c.h; path = RStorage.h; sourceTree = "<group>"; };
		5B630BF218C474F80010639F /* RStorage.m */ = {isa = PBXFileReference; fileEncoding = 4; lastKnownFileType = sourcecode.c.objc; path = RStorage.m; sourceTree = "<group>"; };
/* End PBXFileReference section */

/* Begin PBXFrameworksBuildPhase section */
		5B1C9E8018BF917500F0D092 /* Frameworks */ = {
			isa = PBXFrameworksBuildPhase;
			buildActionMask = 2147483647;
			files = (
			);
			runOnlyForDeploymentPostprocessing = 0;
		};
		5B1C9ED618BFAFEE00F0D092 /* Frameworks */ = {
			isa = PBXFrameworksBuildPhase;
			buildActionMask = 2147483647;
			files = (
				5B1C9EF318BFB17E00F0D092 /* libObjR-OSX.a in Frameworks */,
			);
			runOnlyForDeploymentPostprocessing = 0;
		};
/* End PBXFrameworksBuildPhase section */

/* Begin PBXGroup section */
		5B1C9E7818BF90F900F0D092 = {
			isa = PBXGroup;
			children = (
				5B1C9EAB18BF91DB00F0D092 /* Objective-R */,
				5B1C9EEB18BFB03600F0D092 /* Tests */,
				5B1C9E8418BF917500F0D092 /* Products */,
			);
			sourceTree = "<group>";
		};
		5B1C9E8418BF917500F0D092 /* Products */ = {
			isa = PBXGroup;
			children = (
				5B1C9E8318BF917500F0D092 /* libObjR-OSX.a */,
				5B1C9ED918BFAFEE00F0D092 /* Objective-R Tests.xctest */,
			);
			name = Products;
			sourceTree = "<group>";
		};
		5B1C9EAB18BF91DB00F0D092 /* Objective-R */ = {
			isa = PBXGroup;
			children = (
				5B1C9EB018BF920F00F0D092 /* Objective-R.h */,
				5B57080118C3966F00CAEA5E /* General */,
				5B5707CA18C3964F00CAEA5E /* Model */,
				5B57080518C396DF00CAEA5E /* Runtime */,
			);
			name = "Objective-R";
			path = "../Objective-R";
			sourceTree = "<group>";
		};
		5B1C9EEB18BFB03600F0D092 /* Tests */ = {
			isa = PBXGroup;
			children = (
				5B1C9EEC18BFB03600F0D092 /* Info.plist */,
				5B1C9EEE18BFB03600F0D092 /* Prefix.pch */,
				5B1C9EF118BFB05600F0D092 /* RConstant_Test.m */,
				5B1C9F4618C21B6100F0D092 /* ROperators+NSNumber_Test.m */,
				5B1C9F4C18C2242100F0D092 /* RUnaryOperation_Test.m */,
				5B1C9F4E18C22F6700F0D092 /* RBinaryOperation_Test.m */,
				5B57079F18C2512F00CAEA5E /* RScope_Test.m */,
				5B5707A918C3390700CAEA5E /* RIfElseBranch_Test.m */,
				5B5707AF18C33D4600CAEA5E /* RWhileLoop_Test.m */,
				5B57081618C39E4C00CAEA5E /* Objective-R_Test.m */,
			);
			path = Tests;
			sourceTree = "<group>";
		};
		5B5707CA18C3964F00CAEA5E /* Model */ = {
			isa = PBXGroup;
			children = (
				5B5707E618C3964F00CAEA5E /* RExpression.h */,
				5B5707E718C3964F00CAEA5E /* RExpression.m */,
				5B5707E418C3964F00CAEA5E /* RConstant.h */,
				5B5707E518C3964F00CAEA5E /* RConstant.m */,
				5B5707E818C3964F00CAEA5E /* RScope.h */,
				5B5707E918C3964F00CAEA5E /* RScope.m */,
				5B5707D418C3964F00CAEA5E /* Operation */,
				5B5707CB18C3964F00CAEA5E /* Control */,
				5B5707E118C3964F00CAEA5E /* Function */,
				5B5707EA18C3964F00CAEA5E /* Scope */,
				5B5707ED18C3964F00CAEA5E /* Storage */,
			);
			path = Model;
			sourceTree = "<group>";
		};
		5B5707CB18C3964F00CAEA5E /* Control */ = {
			isa = PBXGroup;
			children = (
				5B5707CC18C3964F00CAEA5E /* RBranch.h */,
				5B5707CD18C3964F00CAEA5E /* RBranch.m */,
				5B5707CE18C3964F00CAEA5E /* RIfElseBranch.h */,
				5B5707CF18C3964F00CAEA5E /* RIfElseBranch.m */,
				5B5707D018C3964F00CAEA5E /* RLoop.h */,
				5B5707D118C3964F00CAEA5E /* RLoop.m */,
				5B5707D218C3964F00CAEA5E /* RWhileLoop.h */,
				5B5707D318C3964F00CAEA5E /* RWhileLoop.m */,
				5B57083018C3B3B400CAEA5E /* RForLoop.h */,
				5B57083118C3B3B400CAEA5E /* RForLoop.m */,
			);
			path = Control;
			sourceTree = "<group>";
		};
		5B5707D418C3964F00CAEA5E /* Operation */ = {
			isa = PBXGroup;
			children = (
				5B5707D918C3964F00CAEA5E /* ROperation.h */,
				5B5707DA18C3964F00CAEA5E /* ROperation.m */,
				5B5707DF18C3964F00CAEA5E /* RUnaryOperation.h */,
				5B5707E018C3964F00CAEA5E /* RUnaryOperation.m */,
				5B5707D518C3964F00CAEA5E /* RBinaryOperation.h */,
				5B5707D618C3964F00CAEA5E /* RBinaryOperation.m */,
				5B5707D718C3964F00CAEA5E /* RExpression+ROperation.h */,
				5B5707D818C3964F00CAEA5E /* RExpression+ROperation.m */,
				5B5707DD18C3964F00CAEA5E /* ROperators+NSObject.h */,
				5B5707DE18C3964F00CAEA5E /* ROperators+NSObject.m */,
				5B5707DB18C3964F00CAEA5E /* ROperators+NSNumber.h */,
				5B5707DC18C3964F00CAEA5E /* ROperators+NSNumber.m */,
			);
			path = Operation;
			sourceTree = "<group>";
		};
		5B5707E118C3964F00CAEA5E /* Function */ = {
			isa = PBXGroup;
			children = (
				5B57081018C3990000CAEA5E /* RFunction.h */,
				5B57081118C3990000CAEA5E /* RFunction.m */,
				5B57081318C39A1D00CAEA5E /* RArgument.h */,
				5B57081418C39A1D00CAEA5E /* RArgument.m */,
			);
			path = Function;
			sourceTree = "<group>";
		};
		5B5707EA18C3964F00CAEA5E /* Scope */ = {
			isa = PBXGroup;
			children = (
				5B5707EB18C3964F00CAEA5E /* RResult.h */,
				5B5707EC18C3964F00CAEA5E /* RResult.m */,
			);
			path = Scope;
			sourceTree = "<group>";
		};
		5B5707ED18C3964F00CAEA5E /* Storage */ = {
			isa = PBXGroup;
			children = (
				5B630BF118C474F80010639F /* RStorage.h */,
				5B630BF218C474F80010639F /* RStorage.m */,
				5B57083318C3B59000CAEA5E /* RSetStorage.h */,
				5B57083418C3B59000CAEA5E /* RSetStorage.m */,
				5B5707EE18C3964F00CAEA5E /* RVariable.h */,
				5B5707EF18C3964F00CAEA5E /* RVariable.m */,
			);
			path = Storage;
			sourceTree = "<group>";
		};
		5B57080118C3966F00CAEA5E /* General */ = {
			isa = PBXGroup;
			children = (
				5B57080218C3966F00CAEA5E /* RThing.h */,
				5B57080318C3966F00CAEA5E /* RThing.m */,
			);
			path = General;
			sourceTree = "<group>";
		};
		5B57080518C396DF00CAEA5E /* Runtime */ = {
			isa = PBXGroup;
			children = (
				5B57080618C396DF00CAEA5E /* RProcess.h */,
				5B57080718C396DF00CAEA5E /* RProcess.m */,
				5B57080818C396DF00CAEA5E /* Stack */,
			);
			path = Runtime;
			sourceTree = "<group>";
		};
		5B57080818C396DF00CAEA5E /* Stack */ = {
			isa = PBXGroup;
			children = (
				5B57080918C396DF00CAEA5E /* RCall.h */,
				5B57080A18C396DF00CAEA5E /* RCall.m */,
				5B57080B18C396DF00CAEA5E /* RFrame.h */,
				5B57080C18C396DF00CAEA5E /* RFrame.m */,
			);
			path = Stack;
			sourceTree = "<group>";
		};
/* End PBXGroup section */

/* Begin PBXHeadersBuildPhase section */
		5B1C9E8118BF917500F0D092 /* Headers */ = {
			isa = PBXHeadersBuildPhase;
			buildActionMask = 2147483647;
			files = (
				5B630BF318C474F80010639F /* RStorage.h in Headers */,
			);
			runOnlyForDeploymentPostprocessing = 0;
		};
/* End PBXHeadersBuildPhase section */

/* Begin PBXNativeTarget section */
		5B1C9E8218BF917500F0D092 /* Objective-R OS X */ = {
			isa = PBXNativeTarget;
			buildConfigurationList = 5B1C9EA518BF917600F0D092 /* Build configuration list for PBXNativeTarget "Objective-R OS X" */;
			buildPhases = (
				5B1C9E7F18BF917500F0D092 /* Sources */,
				5B1C9E8018BF917500F0D092 /* Frameworks */,
				5B1C9E8118BF917500F0D092 /* Headers */,
			);
			buildRules = (
			);
			dependencies = (
			);
			name = "Objective-R OS X";
			productName = "Objective-R OS X";
			productReference = 5B1C9E8318BF917500F0D092 /* libObjR-OSX.a */;
			productType = "com.apple.product-type.library.static";
		};
		5B1C9ED818BFAFEE00F0D092 /* Objective-R Tests */ = {
			isa = PBXNativeTarget;
			buildConfigurationList = 5B1C9EE818BFAFEE00F0D092 /* Build configuration list for PBXNativeTarget "Objective-R Tests" */;
			buildPhases = (
				5B1C9ED518BFAFEE00F0D092 /* Sources */,
				5B1C9ED618BFAFEE00F0D092 /* Frameworks */,
				5B1C9ED718BFAFEE00F0D092 /* Resources */,
			);
			buildRules = (
			);
			dependencies = (
				5B1C9EE718BFAFEE00F0D092 /* PBXTargetDependency */,
			);
			name = "Objective-R Tests";
			productName = "Objective-R Tests";
			productReference = 5B1C9ED918BFAFEE00F0D092 /* Objective-R Tests.xctest */;
			productType = "com.apple.product-type.bundle.unit-test";
		};
/* End PBXNativeTarget section */

/* Begin PBXProject section */
		5B1C9E7918BF90F900F0D092 /* Project object */ = {
			isa = PBXProject;
			attributes = {
				CLASSPREFIX = R;
				LastUpgradeCheck = 0500;
				ORGANIZATIONNAME = "Triceratops Software, s.r.o.";
				TargetAttributes = {
					5B1C9ED818BFAFEE00F0D092 = {
						TestTargetID = 5B1C9E8218BF917500F0D092;
					};
				};
			};
			buildConfigurationList = 5B1C9E7C18BF90F900F0D092 /* Build configuration list for PBXProject "Objective-R" */;
			compatibilityVersion = "Xcode 3.2";
			developmentRegion = English;
			hasScannedForEncodings = 0;
			knownRegions = (
				en,
			);
			mainGroup = 5B1C9E7818BF90F900F0D092;
			productRefGroup = 5B1C9E8418BF917500F0D092 /* Products */;
			projectDirPath = "";
			projectRoot = "";
			targets = (
				5B1C9E8218BF917500F0D092 /* Objective-R OS X */,
				5B1C9ED818BFAFEE00F0D092 /* Objective-R Tests */,
			);
		};
/* End PBXProject section */

/* Begin PBXResourcesBuildPhase section */
		5B1C9ED718BFAFEE00F0D092 /* Resources */ = {
			isa = PBXResourcesBuildPhase;
			buildActionMask = 2147483647;
			files = (
			);
			runOnlyForDeploymentPostprocessing = 0;
		};
/* End PBXResourcesBuildPhase section */

/* Begin PBXSourcesBuildPhase section */
		5B1C9E7F18BF917500F0D092 /* Sources */ = {
			isa = PBXSourcesBuildPhase;
			buildActionMask = 2147483647;
			files = (
				5B57082218C3ABE600CAEA5E /* RBranch.m in Sources */,
				5B57082118C3ABCE00CAEA5E /* ROperators+NSNumber.m in Sources */,
				5B57081C18C3ABCE00CAEA5E /* ROperation.m in Sources */,
				5B57081A18C3ABCE00CAEA5E /* RConstant.m in Sources */,
				5B57082B18C3ABE600CAEA5E /* RCall.m in Sources */,
				5B57082618C3ABE600CAEA5E /* RFunction.m in Sources */,
				5B57082518C3ABE600CAEA5E /* RWhileLoop.m in Sources */,
				5B57081918C3ABCE00CAEA5E /* RExpression.m in Sources */,
				5B57082018C3ABCE00CAEA5E /* ROperators+NSObject.m in Sources */,
				5B57082918C3ABE600CAEA5E /* RVariable.m in Sources */,
				5B57081F18C3ABCE00CAEA5E /* RExpression+ROperation.m in Sources */,
				5B57082A18C3ABE600CAEA5E /* RProcess.m in Sources */,
				5B630BF418C474F80010639F /* RStorage.m in Sources */,
				5B57081818C3ABBD00CAEA5E /* RThing.m in Sources */,
				5B57081D18C3ABCE00CAEA5E /* RUnaryOperation.m in Sources */,
				5B57082818C3ABE600CAEA5E /* RResult.m in Sources */,
				5B57082718C3ABE600CAEA5E /* RArgument.m in Sources */,
				5B57082418C3ABE600CAEA5E /* RLoop.m in Sources */,
				5B57081E18C3ABCE00CAEA5E /* RBinaryOperation.m in Sources */,
				5B57082318C3ABE600CAEA5E /* RIfElseBranch.m in Sources */,
				5B57082C18C3ABE600CAEA5E /* RFrame.m in Sources */,
				5B57081B18C3ABCE00CAEA5E /* RScope.m in Sources */,
			);
			runOnlyForDeploymentPostprocessing = 0;
		};
		5B1C9ED518BFAFEE00F0D092 /* Sources */ = {
			isa = PBXSourcesBuildPhase;
			buildActionMask = 2147483647;
			files = (
				5B57083218C3B3B400CAEA5E /* RForLoop.m in Sources */,
				5B5707AA18C3390700CAEA5E /* RIfElseBranch_Test.m in Sources */,
				5B1C9F4718C21B6100F0D092 /* ROperators+NSNumber_Test.m in Sources */,
				5B5707A018C2512F00CAEA5E /* RScope_Test.m in Sources */,
				5B1C9F4F18C22F6700F0D092 /* RBinaryOperation_Test.m in Sources */,
				5B57081718C39E4C00CAEA5E /* Objective-R_Test.m in Sources */,
				5B1C9F4D18C2242100F0D092 /* RUnaryOperation_Test.m in Sources */,
				5B57083518C3B59000CAEA5E /* RSetStorage.m in Sources */,
				5B1C9EF218BFB05600F0D092 /* RConstant_Test.m in Sources */,
				5B5707B018C33D4600CAEA5E /* RWhileLoop_Test.m in Sources */,
			);
			runOnlyForDeploymentPostprocessing = 0;
		};
/* End PBXSourcesBuildPhase section */

/* Begin PBXTargetDependency section */
		5B1C9EE718BFAFEE00F0D092 /* PBXTargetDependency */ = {
			isa = PBXTargetDependency;
			target = 5B1C9E8218BF917500F0D092 /* Objective-R OS X */;
			targetProxy = 5B1C9EE618BFAFEE00F0D092 /* PBXContainerItemProxy */;
		};
/* End PBXTargetDependency section */

/* Begin XCBuildConfiguration section */
		5B1C9E7D18BF90F900F0D092 /* Debug */ = {
			isa = XCBuildConfiguration;
			buildSettings = {
				ALWAYS_SEARCH_USER_PATHS = NO;
				CLANG_ANALYZER_SECURITY_FLOATLOOPCOUNTER = YES;
				CLANG_ANALYZER_SECURITY_INSECUREAPI_RAND = YES;
				CLANG_ANALYZER_SECURITY_INSECUREAPI_STRCPY = YES;
				CLANG_CXX_LANGUAGE_STANDARD = "gnu++0x";
				CLANG_CXX_LIBRARY = "libc++";
				CLANG_ENABLE_MODULES = YES;
				CLANG_ENABLE_OBJC_ARC = YES;
				CLANG_STATIC_ANALYZER_MODE = deep;
				CLANG_WARN_BOOL_CONVERSION = YES;
				CLANG_WARN_CONSTANT_CONVERSION = YES;
				CLANG_WARN_DEPRECATED_OBJC_IMPLEMENTATIONS = YES;
				CLANG_WARN_DIRECT_OBJC_ISA_USAGE = YES_ERROR;
				CLANG_WARN_DOCUMENTATION_COMMENTS = YES;
				CLANG_WARN_EMPTY_BODY = YES;
				CLANG_WARN_ENUM_CONVERSION = YES;
				CLANG_WARN_INT_CONVERSION = YES;
				CLANG_WARN_OBJC_EXPLICIT_OWNERSHIP_TYPE = YES;
				CLANG_WARN_OBJC_IMPLICIT_ATOMIC_PROPERTIES = YES;
				CLANG_WARN_OBJC_IMPLICIT_RETAIN_SELF = YES;
				CLANG_WARN_OBJC_REPEATED_USE_OF_WEAK = YES;
				CLANG_WARN_OBJC_ROOT_CLASS = YES_ERROR;
				CLANG_WARN__DUPLICATE_METHOD_MATCH = YES;
				COPY_PHASE_STRIP = NO;
				GCC_C_LANGUAGE_STANDARD = gnu99;
				GCC_DYNAMIC_NO_PIC = NO;
				GCC_OPTIMIZATION_LEVEL = 0;
				GCC_PREPROCESSOR_DEFINITIONS = "DEBUG=1";
				GCC_SYMBOLS_PRIVATE_EXTERN = NO;
				GCC_TREAT_INCOMPATIBLE_POINTER_TYPE_WARNINGS_AS_ERRORS = YES;
				GCC_WARN_64_TO_32_BIT_CONVERSION = YES;
				GCC_WARN_ABOUT_MISSING_NEWLINE = YES;
				GCC_WARN_ABOUT_MISSING_PROTOTYPES = YES;
				GCC_WARN_ABOUT_RETURN_TYPE = YES_ERROR;
				GCC_WARN_FOUR_CHARACTER_CONSTANTS = YES;
				GCC_WARN_UNDECLARED_SELECTOR = YES;
				GCC_WARN_UNINITIALIZED_AUTOS = YES;
				GCC_WARN_UNKNOWN_PRAGMAS = YES;
				GCC_WARN_UNUSED_FUNCTION = YES;
				GCC_WARN_UNUSED_LABEL = YES;
				GCC_WARN_UNUSED_PARAMETER = YES;
				GCC_WARN_UNUSED_VARIABLE = YES;
				ONLY_ACTIVE_ARCH = YES;
				OTHER_LDFLAGS = "-ObjC";
				RUN_CLANG_STATIC_ANALYZER = YES;
				SDKROOT = macosx;
			};
			name = Debug;
		};
		5B1C9E7E18BF90F900F0D092 /* Release */ = {
			isa = XCBuildConfiguration;
			buildSettings = {
				ALWAYS_SEARCH_USER_PATHS = NO;
				CLANG_ANALYZER_SECURITY_FLOATLOOPCOUNTER = YES;
				CLANG_ANALYZER_SECURITY_INSECUREAPI_RAND = YES;
				CLANG_ANALYZER_SECURITY_INSECUREAPI_STRCPY = YES;
				CLANG_CXX_LANGUAGE_STANDARD = "gnu++0x";
				CLANG_CXX_LIBRARY = "libc++";
				CLANG_ENABLE_MODULES = YES;
				CLANG_ENABLE_OBJC_ARC = YES;
				CLANG_STATIC_ANALYZER_MODE = deep;
				CLANG_WARN_BOOL_CONVERSION = YES;
				CLANG_WARN_CONSTANT_CONVERSION = YES;
				CLANG_WARN_DEPRECATED_OBJC_IMPLEMENTATIONS = YES;
				CLANG_WARN_DIRECT_OBJC_ISA_USAGE = YES_ERROR;
				CLANG_WARN_DOCUMENTATION_COMMENTS = YES;
				CLANG_WARN_EMPTY_BODY = YES;
				CLANG_WARN_ENUM_CONVERSION = YES;
				CLANG_WARN_INT_CONVERSION = YES;
				CLANG_WARN_OBJC_EXPLICIT_OWNERSHIP_TYPE = YES;
				CLANG_WARN_OBJC_IMPLICIT_ATOMIC_PROPERTIES = YES;
				CLANG_WARN_OBJC_IMPLICIT_RETAIN_SELF = YES;
				CLANG_WARN_OBJC_REPEATED_USE_OF_WEAK = YES;
				CLANG_WARN_OBJC_ROOT_CLASS = YES_ERROR;
				CLANG_WARN__DUPLICATE_METHOD_MATCH = YES;
				DEBUG_INFORMATION_FORMAT = "dwarf-with-dsym";
				ENABLE_NS_ASSERTIONS = NO;
				GCC_C_LANGUAGE_STANDARD = gnu99;
				GCC_DYNAMIC_NO_PIC = NO;
				GCC_SYMBOLS_PRIVATE_EXTERN = NO;
				GCC_TREAT_INCOMPATIBLE_POINTER_TYPE_WARNINGS_AS_ERRORS = YES;
				GCC_WARN_64_TO_32_BIT_CONVERSION = YES;
				GCC_WARN_ABOUT_MISSING_NEWLINE = YES;
				GCC_WARN_ABOUT_MISSING_PROTOTYPES = YES;
				GCC_WARN_ABOUT_RETURN_TYPE = YES_ERROR;
				GCC_WARN_FOUR_CHARACTER_CONSTANTS = YES;
				GCC_WARN_UNDECLARED_SELECTOR = YES;
				GCC_WARN_UNINITIALIZED_AUTOS = YES;
				GCC_WARN_UNKNOWN_PRAGMAS = YES;
				GCC_WARN_UNUSED_FUNCTION = YES;
				GCC_WARN_UNUSED_LABEL = YES;
				GCC_WARN_UNUSED_PARAMETER = YES;
				GCC_WARN_UNUSED_VARIABLE = YES;
				OTHER_LDFLAGS = "-ObjC";
				RUN_CLANG_STATIC_ANALYZER = YES;
				SDKROOT = macosx;
			};
			name = Release;
		};
		5B1C9EA618BF917600F0D092 /* Debug */ = {
			isa = XCBuildConfiguration;
			buildSettings = {
				PRODUCT_NAME = "ObjR-OSX";
			};
			name = Debug;
		};
		5B1C9EA718BF917600F0D092 /* Release */ = {
			isa = XCBuildConfiguration;
			buildSettings = {
				PRODUCT_NAME = "ObjR-OSX";
			};
			name = Release;
		};
		5B1C9EE918BFAFEE00F0D092 /* Debug */ = {
			isa = XCBuildConfiguration;
			buildSettings = {
				FRAMEWORK_SEARCH_PATHS = (
					"$(DEVELOPER_FRAMEWORKS_DIR)",
					"$(inherited)",
				);
				GCC_PRECOMPILE_PREFIX_HEADER = YES;
				GCC_PREFIX_HEADER = Tests/Prefix.pch;
				INFOPLIST_FILE = Tests/Info.plist;
				PRODUCT_NAME = "$(TARGET_NAME)";
				WRAPPER_EXTENSION = xctest;
			};
			name = Debug;
		};
		5B1C9EEA18BFAFEE00F0D092 /* Release */ = {
			isa = XCBuildConfiguration;
			buildSettings = {
				FRAMEWORK_SEARCH_PATHS = (
					"$(DEVELOPER_FRAMEWORKS_DIR)",
					"$(inherited)",
				);
				GCC_PRECOMPILE_PREFIX_HEADER = YES;
				GCC_PREFIX_HEADER = Tests/Prefix.pch;
				INFOPLIST_FILE = Tests/Info.plist;
				PRODUCT_NAME = "$(TARGET_NAME)";
				WRAPPER_EXTENSION = xctest;
			};
			name = Release;
		};
/* End XCBuildConfiguration section */

/* Begin XCConfigurationList section */
		5B1C9E7C18BF90F900F0D092 /* Build configuration list for PBXProject "Objective-R" */ = {
			isa = XCConfigurationList;
			buildConfigurations = (
				5B1C9E7D18BF90F900F0D092 /* Debug */,
				5B1C9E7E18BF90F900F0D092 /* Release */,
			);
			defaultConfigurationIsVisible = 0;
			defaultConfigurationName = Release;
		};
		5B1C9EA518BF917600F0D092 /* Build configuration list for PBXNativeTarget "Objective-R OS X" */ = {
			isa = XCConfigurationList;
			buildConfigurations = (
				5B1C9EA618BF917600F0D092 /* Debug */,
				5B1C9EA718BF917600F0D092 /* Release */,
			);
			defaultConfigurationIsVisible = 0;
			defaultConfigurationName = Release;
		};
		5B1C9EE818BFAFEE00F0D092 /* Build configuration list for PBXNativeTarget "Objective-R Tests" */ = {
			isa = XCConfigurationList;
			buildConfigurations = (
				5B1C9EE918BFAFEE00F0D092 /* Debug */,
				5B1C9EEA18BFAFEE00F0D092 /* Release */,
			);
			defaultConfigurationIsVisible = 0;
			defaultConfigurationName = Release;
		};
/* End XCConfigurationList section */
	};
	rootObject = 5B1C9E7918BF90F900F0D092 /* Project object */;
}
