// !$*UTF8*$!
{
	archiveVersion = 1;
	classes = {
	};
	objectVersion = 46;
	objects = {

/* Begin PBXBuildFile section */
		5B1C9EF218BFB05600F0D092 /* RConstant_Test.m in Sources */ = {isa = PBXBuildFile; fileRef = 5B1C9EF118BFB05600F0D092 /* RConstant_Test.m */; };
		5B1C9EF318BFB17E00F0D092 /* libObjR-OSX.a in Frameworks */ = {isa = PBXBuildFile; fileRef = 5B1C9E8318BF917500F0D092 /* libObjR-OSX.a */; };
		5B1C9F2818C1C9CA00F0D092 /* RExpression.h in Headers */ = {isa = PBXBuildFile; fileRef = 5B1C9F1318C1C9CA00F0D092 /* RExpression.h */; };
		5B1C9F2918C1C9CA00F0D092 /* RExpression.m in Sources */ = {isa = PBXBuildFile; fileRef = 5B1C9F1418C1C9CA00F0D092 /* RExpression.m */; };
		5B1C9F2A18C1C9CA00F0D092 /* RThing.h in Headers */ = {isa = PBXBuildFile; fileRef = 5B1C9F1518C1C9CA00F0D092 /* RThing.h */; };
		5B1C9F2B18C1C9CA00F0D092 /* RThing.m in Sources */ = {isa = PBXBuildFile; fileRef = 5B1C9F1618C1C9CA00F0D092 /* RThing.m */; };
		5B1C9F2C18C1C9CA00F0D092 /* RBranch.h in Headers */ = {isa = PBXBuildFile; fileRef = 5B1C9F1818C1C9CA00F0D092 /* RBranch.h */; };
		5B1C9F2D18C1C9CA00F0D092 /* RBranch.m in Sources */ = {isa = PBXBuildFile; fileRef = 5B1C9F1918C1C9CA00F0D092 /* RBranch.m */; };
		5B1C9F2E18C1C9CA00F0D092 /* RLoop.h in Headers */ = {isa = PBXBuildFile; fileRef = 5B1C9F1A18C1C9CA00F0D092 /* RLoop.h */; };
		5B1C9F2F18C1C9CA00F0D092 /* RLoop.m in Sources */ = {isa = PBXBuildFile; fileRef = 5B1C9F1B18C1C9CA00F0D092 /* RLoop.m */; };
		5B1C9F3018C1C9CA00F0D092 /* ROperation.h in Headers */ = {isa = PBXBuildFile; fileRef = 5B1C9F1D18C1C9CA00F0D092 /* ROperation.h */; };
		5B1C9F3118C1C9CA00F0D092 /* ROperation.m in Sources */ = {isa = PBXBuildFile; fileRef = 5B1C9F1E18C1C9CA00F0D092 /* ROperation.m */; };
		5B1C9F3218C1C9CA00F0D092 /* RScope.h in Headers */ = {isa = PBXBuildFile; fileRef = 5B1C9F2018C1C9CA00F0D092 /* RScope.h */; };
		5B1C9F3318C1C9CA00F0D092 /* RScope.m in Sources */ = {isa = PBXBuildFile; fileRef = 5B1C9F2118C1C9CA00F0D092 /* RScope.m */; };
		5B1C9F3418C1C9CA00F0D092 /* RVariable.h in Headers */ = {isa = PBXBuildFile; fileRef = 5B1C9F2318C1C9CA00F0D092 /* RVariable.h */; };
		5B1C9F3518C1C9CA00F0D092 /* RVariable.m in Sources */ = {isa = PBXBuildFile; fileRef = 5B1C9F2418C1C9CA00F0D092 /* RVariable.m */; };
		5B1C9F3618C1C9CA00F0D092 /* RConstant.h in Headers */ = {isa = PBXBuildFile; fileRef = 5B1C9F2618C1C9CA00F0D092 /* RConstant.h */; };
		5B1C9F3718C1C9CA00F0D092 /* RConstant.m in Sources */ = {isa = PBXBuildFile; fileRef = 5B1C9F2718C1C9CA00F0D092 /* RConstant.m */; };
		5B1C9F3A18C1CA8300F0D092 /* RUnaryOperation.h in Headers */ = {isa = PBXBuildFile; fileRef = 5B1C9F3818C1CA8300F0D092 /* RUnaryOperation.h */; };
		5B1C9F3B18C1CA8300F0D092 /* RUnaryOperation.m in Sources */ = {isa = PBXBuildFile; fileRef = 5B1C9F3918C1CA8300F0D092 /* RUnaryOperation.m */; };
		5B1C9F3E18C1D8CB00F0D092 /* ROperators+NSObject.h in Headers */ = {isa = PBXBuildFile; fileRef = 5B1C9F3C18C1D8CB00F0D092 /* ROperators+NSObject.h */; };
		5B1C9F3F18C1D8CB00F0D092 /* ROperators+NSObject.m in Sources */ = {isa = PBXBuildFile; fileRef = 5B1C9F3D18C1D8CB00F0D092 /* ROperators+NSObject.m */; };
		5B1C9F4418C1DBC600F0D092 /* RBinaryOperation.h in Headers */ = {isa = PBXBuildFile; fileRef = 5B1C9F4218C1DBC600F0D092 /* RBinaryOperation.h */; };
		5B1C9F4518C1DBC600F0D092 /* RBinaryOperation.m in Sources */ = {isa = PBXBuildFile; fileRef = 5B1C9F4318C1DBC600F0D092 /* RBinaryOperation.m */; };
		5B1C9F4718C21B6100F0D092 /* ROperators+NSNumber_Test.m in Sources */ = {isa = PBXBuildFile; fileRef = 5B1C9F4618C21B6100F0D092 /* ROperators+NSNumber_Test.m */; };
		5B1C9F4A18C21B9A00F0D092 /* ROperators+NSNumber.h in Headers */ = {isa = PBXBuildFile; fileRef = 5B1C9F4818C21B9A00F0D092 /* ROperators+NSNumber.h */; };
		5B1C9F4B18C21B9A00F0D092 /* ROperators+NSNumber.m in Sources */ = {isa = PBXBuildFile; fileRef = 5B1C9F4918C21B9A00F0D092 /* ROperators+NSNumber.m */; };
		5B1C9F4D18C2242100F0D092 /* RUnaryOperation_Test.m in Sources */ = {isa = PBXBuildFile; fileRef = 5B1C9F4C18C2242100F0D092 /* RUnaryOperation_Test.m */; };
		5B1C9F4F18C22F6700F0D092 /* RBinaryOperation_Test.m in Sources */ = {isa = PBXBuildFile; fileRef = 5B1C9F4E18C22F6700F0D092 /* RBinaryOperation_Test.m */; };
		5B57079D18C2501600CAEA5E /* RResult.h in Headers */ = {isa = PBXBuildFile; fileRef = 5B57079B18C2501600CAEA5E /* RResult.h */; };
		5B57079E18C2501600CAEA5E /* RResult.m in Sources */ = {isa = PBXBuildFile; fileRef = 5B57079C18C2501600CAEA5E /* RResult.m */; };
		5B5707A018C2512F00CAEA5E /* RScope_Test.m in Sources */ = {isa = PBXBuildFile; fileRef = 5B57079F18C2512F00CAEA5E /* RScope_Test.m */; };
		5B5707A318C2543500CAEA5E /* RExpression+ROperation.h in Headers */ = {isa = PBXBuildFile; fileRef = 5B5707A118C2543500CAEA5E /* RExpression+ROperation.h */; };
		5B5707A418C2543500CAEA5E /* RExpression+ROperation.m in Sources */ = {isa = PBXBuildFile; fileRef = 5B5707A218C2543500CAEA5E /* RExpression+ROperation.m */; };
/* End PBXBuildFile section */

/* Begin PBXContainerItemProxy section */
		5B1C9EE618BFAFEE00F0D092 /* PBXContainerItemProxy */ = {
			isa = PBXContainerItemProxy;
			containerPortal = 5B1C9E7918BF90F900F0D092 /* Project object */;
			proxyType = 1;
			remoteGlobalIDString = 5B1C9E8218BF917500F0D092;
			remoteInfo = "Objective-R OS X";
		};
/* End PBXContainerItemProxy section */

/* Begin PBXFileReference section */
		5B1C9E8318BF917500F0D092 /* libObjR-OSX.a */ = {isa = PBXFileReference; explicitFileType = archive.ar; includeInIndex = 0; path = "libObjR-OSX.a"; sourceTree = BUILT_PRODUCTS_DIR; };
		5B1C9EB018BF920F00F0D092 /* Objective-R.h */ = {isa = PBXFileReference; lastKnownFileType = sourcecode.c.h; path = "Objective-R.h"; sourceTree = "<group>"; };
		5B1C9ED918BFAFEE00F0D092 /* Objective-R Tests.xctest */ = {isa = PBXFileReference; explicitFileType = wrapper.cfbundle; includeInIndex = 0; path = "Objective-R Tests.xctest"; sourceTree = BUILT_PRODUCTS_DIR; };
		5B1C9EEC18BFB03600F0D092 /* Info.plist */ = {isa = PBXFileReference; fileEncoding = 4; lastKnownFileType = text.plist.xml; path = Info.plist; sourceTree = "<group>"; };
		5B1C9EEE18BFB03600F0D092 /* Prefix.pch */ = {isa = PBXFileReference; fileEncoding = 4; lastKnownFileType = sourcecode.c.h; path = Prefix.pch; sourceTree = "<group>"; };
		5B1C9EF118BFB05600F0D092 /* RConstant_Test.m */ = {isa = PBXFileReference; fileEncoding = 4; lastKnownFileType = sourcecode.c.objc; path = RConstant_Test.m; sourceTree = "<group>"; };
		5B1C9F1318C1C9CA00F0D092 /* RExpression.h */ = {isa = PBXFileReference; fileEncoding = 4; lastKnownFileType = sourcecode.c.h; path = RExpression.h; sourceTree = "<group>"; };
		5B1C9F1418C1C9CA00F0D092 /* RExpression.m */ = {isa = PBXFileReference; fileEncoding = 4; lastKnownFileType = sourcecode.c.objc; path = RExpression.m; sourceTree = "<group>"; };
		5B1C9F1518C1C9CA00F0D092 /* RThing.h */ = {isa = PBXFileReference; fileEncoding = 4; lastKnownFileType = sourcecode.c.h; path = RThing.h; sourceTree = "<group>"; };
		5B1C9F1618C1C9CA00F0D092 /* RThing.m */ = {isa = PBXFileReference; fileEncoding = 4; lastKnownFileType = sourcecode.c.objc; path = RThing.m; sourceTree = "<group>"; };
		5B1C9F1818C1C9CA00F0D092 /* RBranch.h */ = {isa = PBXFileReference; fileEncoding = 4; lastKnownFileType = sourcecode.c.h; path = RBranch.h; sourceTree = "<group>"; };
		5B1C9F1918C1C9CA00F0D092 /* RBranch.m */ = {isa = PBXFileReference; fileEncoding = 4; lastKnownFileType = sourcecode.c.objc; path = RBranch.m; sourceTree = "<group>"; };
		5B1C9F1A18C1C9CA00F0D092 /* RLoop.h */ = {isa = PBXFileReference; fileEncoding = 4; lastKnownFileType = sourcecode.c.h; path = RLoop.h; sourceTree = "<group>"; };
		5B1C9F1B18C1C9CA00F0D092 /* RLoop.m */ = {isa = PBXFileReference; fileEncoding = 4; lastKnownFileType = sourcecode.c.objc; path = RLoop.m; sourceTree = "<group>"; };
		5B1C9F1D18C1C9CA00F0D092 /* ROperation.h */ = {isa = PBXFileReference; fileEncoding = 4; lastKnownFileType = sourcecode.c.h; path = ROperation.h; sourceTree = "<group>"; };
		5B1C9F1E18C1C9CA00F0D092 /* ROperation.m */ = {isa = PBXFileReference; fileEncoding = 4; lastKnownFileType = sourcecode.c.objc; path = ROperation.m; sourceTree = "<group>"; };
		5B1C9F2018C1C9CA00F0D092 /* RScope.h */ = {isa = PBXFileReference; fileEncoding = 4; lastKnownFileType = sourcecode.c.h; path = RScope.h; sourceTree = "<group>"; };
		5B1C9F2118C1C9CA00F0D092 /* RScope.m */ = {isa = PBXFileReference; fileEncoding = 4; lastKnownFileType = sourcecode.c.objc; path = RScope.m; sourceTree = "<group>"; };
		5B1C9F2318C1C9CA00F0D092 /* RVariable.h */ = {isa = PBXFileReference; fileEncoding = 4; lastKnownFileType = sourcecode.c.h; path = RVariable.h; sourceTree = "<group>"; };
		5B1C9F2418C1C9CA00F0D092 /* RVariable.m */ = {isa = PBXFileReference; fileEncoding = 4; lastKnownFileType = sourcecode.c.objc; path = RVariable.m; sourceTree = "<group>"; };
		5B1C9F2618C1C9CA00F0D092 /* RConstant.h */ = {isa = PBXFileReference; fileEncoding = 4; lastKnownFileType = sourcecode.c.h; path = RConstant.h; sourceTree = "<group>"; };
		5B1C9F2718C1C9CA00F0D092 /* RConstant.m */ = {isa = PBXFileReference; fileEncoding = 4; lastKnownFileType = sourcecode.c.objc; path = RConstant.m; sourceTree = "<group>"; };
		5B1C9F3818C1CA8300F0D092 /* RUnaryOperation.h */ = {isa = PBXFileReference; fileEncoding = 4; lastKnownFileType = sourcecode.c.h; path = RUnaryOperation.h; sourceTree = "<group>"; };
		5B1C9F3918C1CA8300F0D092 /* RUnaryOperation.m */ = {isa = PBXFileReference; fileEncoding = 4; lastKnownFileType = sourcecode.c.objc; path = RUnaryOperation.m; sourceTree = "<group>"; };
		5B1C9F3C18C1D8CB00F0D092 /* ROperators+NSObject.h */ = {isa = PBXFileReference; fileEncoding = 4; lastKnownFileType = sourcecode.c.h; path = "ROperators+NSObject.h"; sourceTree = "<group>"; };
		5B1C9F3D18C1D8CB00F0D092 /* ROperators+NSObject.m */ = {isa = PBXFileReference; fileEncoding = 4; lastKnownFileType = sourcecode.c.objc; path = "ROperators+NSObject.m"; sourceTree = "<group>"; };
		5B1C9F4218C1DBC600F0D092 /* RBinaryOperation.h */ = {isa = PBXFileReference; fileEncoding = 4; lastKnownFileType = sourcecode.c.h; path = RBinaryOperation.h; sourceTree = "<group>"; };
		5B1C9F4318C1DBC600F0D092 /* RBinaryOperation.m */ = {isa = PBXFileReference; fileEncoding = 4; lastKnownFileType = sourcecode.c.objc; path = RBinaryOperation.m; sourceTree = "<group>"; };
		5B1C9F4618C21B6100F0D092 /* ROperators+NSNumber_Test.m */ = {isa = PBXFileReference; fileEncoding = 4; lastKnownFileType = sourcecode.c.objc; path = "ROperators+NSNumber_Test.m"; sourceTree = "<group>"; };
		5B1C9F4818C21B9A00F0D092 /* ROperators+NSNumber.h */ = {isa = PBXFileReference; fileEncoding = 4; lastKnownFileType = sourcecode.c.h; path = "ROperators+NSNumber.h"; sourceTree = "<group>"; };
		5B1C9F4918C21B9A00F0D092 /* ROperators+NSNumber.m */ = {isa = PBXFileReference; fileEncoding = 4; lastKnownFileType = sourcecode.c.objc; path = "ROperators+NSNumber.m"; sourceTree = "<group>"; };
		5B1C9F4C18C2242100F0D092 /* RUnaryOperation_Test.m */ = {isa = PBXFileReference; fileEncoding = 4; lastKnownFileType = sourcecode.c.objc; path = RUnaryOperation_Test.m; sourceTree = "<group>"; };
		5B1C9F4E18C22F6700F0D092 /* RBinaryOperation_Test.m */ = {isa = PBXFileReference; fileEncoding = 4; lastKnownFileType = sourcecode.c.objc; path = RBinaryOperation_Test.m; sourceTree = "<group>"; };
		5B57079B18C2501600CAEA5E /* RResult.h */ = {isa = PBXFileReference; fileEncoding = 4; lastKnownFileType = sourcecode.c.h; path = RResult.h; sourceTree = "<group>"; };
		5B57079C18C2501600CAEA5E /* RResult.m */ = {isa = PBXFileReference; fileEncoding = 4; lastKnownFileType = sourcecode.c.objc; path = RResult.m; sourceTree = "<group>"; };
		5B57079F18C2512F00CAEA5E /* RScope_Test.m */ = {isa = PBXFileReference; fileEncoding = 4; lastKnownFileType = sourcecode.c.objc; path = RScope_Test.m; sourceTree = "<group>"; };
		5B5707A118C2543500CAEA5E /* RExpression+ROperation.h */ = {isa = PBXFileReference; fileEncoding = 4; lastKnownFileType = sourcecode.c.h; path = "RExpression+ROperation.h"; sourceTree = "<group>"; };
		5B5707A218C2543500CAEA5E /* RExpression+ROperation.m */ = {isa = PBXFileReference; fileEncoding = 4; lastKnownFileType = sourcecode.c.objc; path = "RExpression+ROperation.m"; sourceTree = "<group>"; };
/* End PBXFileReference section */

/* Begin PBXFrameworksBuildPhase section */
		5B1C9E8018BF917500F0D092 /* Frameworks */ = {
			isa = PBXFrameworksBuildPhase;
			buildActionMask = 2147483647;
			files = (
			);
			runOnlyForDeploymentPostprocessing = 0;
		};
		5B1C9ED618BFAFEE00F0D092 /* Frameworks */ = {
			isa = PBXFrameworksBuildPhase;
			buildActionMask = 2147483647;
			files = (
				5B1C9EF318BFB17E00F0D092 /* libObjR-OSX.a in Frameworks */,
			);
			runOnlyForDeploymentPostprocessing = 0;
		};
/* End PBXFrameworksBuildPhase section */

/* Begin PBXGroup section */
		5B1C9E7818BF90F900F0D092 = {
			isa = PBXGroup;
			children = (
				5B1C9EAB18BF91DB00F0D092 /* Objective-R */,
				5B1C9EEB18BFB03600F0D092 /* Tests */,
				5B1C9E8418BF917500F0D092 /* Products */,
			);
			sourceTree = "<group>";
		};
		5B1C9E8418BF917500F0D092 /* Products */ = {
			isa = PBXGroup;
			children = (
				5B1C9E8318BF917500F0D092 /* libObjR-OSX.a */,
				5B1C9ED918BFAFEE00F0D092 /* Objective-R Tests.xctest */,
			);
			name = Products;
			sourceTree = "<group>";
		};
		5B1C9EAB18BF91DB00F0D092 /* Objective-R */ = {
			isa = PBXGroup;
			children = (
				5B1C9EB018BF920F00F0D092 /* Objective-R.h */,
				5B1C9F1218C1C9CA00F0D092 /* Abstract */,
				5B1C9F2518C1C9CA00F0D092 /* Value */,
				5B1C9F1C18C1C9CA00F0D092 /* Operation */,
				5B1C9F1F18C1C9CA00F0D092 /* Scope */,
				5B1C9F1718C1C9CA00F0D092 /* Control */,
				5B1C9F2218C1C9CA00F0D092 /* Storage */,
			);
			name = "Objective-R";
			path = "../Objective-R";
			sourceTree = "<group>";
		};
		5B1C9EEB18BFB03600F0D092 /* Tests */ = {
			isa = PBXGroup;
			children = (
				5B1C9EEC18BFB03600F0D092 /* Info.plist */,
				5B1C9EEE18BFB03600F0D092 /* Prefix.pch */,
				5B1C9EF118BFB05600F0D092 /* RConstant_Test.m */,
				5B1C9F4618C21B6100F0D092 /* ROperators+NSNumber_Test.m */,
				5B1C9F4C18C2242100F0D092 /* RUnaryOperation_Test.m */,
				5B1C9F4E18C22F6700F0D092 /* RBinaryOperation_Test.m */,
				5B57079F18C2512F00CAEA5E /* RScope_Test.m */,
			);
			path = Tests;
			sourceTree = "<group>";
		};
		5B1C9F1218C1C9CA00F0D092 /* Abstract */ = {
			isa = PBXGroup;
			children = (
				5B1C9F1518C1C9CA00F0D092 /* RThing.h */,
				5B1C9F1618C1C9CA00F0D092 /* RThing.m */,
				5B1C9F1318C1C9CA00F0D092 /* RExpression.h */,
				5B1C9F1418C1C9CA00F0D092 /* RExpression.m */,
			);
			path = Abstract;
			sourceTree = "<group>";
		};
		5B1C9F1718C1C9CA00F0D092 /* Control */ = {
			isa = PBXGroup;
			children = (
				5B1C9F1818C1C9CA00F0D092 /* RBranch.h */,
				5B1C9F1918C1C9CA00F0D092 /* RBranch.m */,
				5B1C9F1A18C1C9CA00F0D092 /* RLoop.h */,
				5B1C9F1B18C1C9CA00F0D092 /* RLoop.m */,
			);
			path = Control;
			sourceTree = "<group>";
		};
		5B1C9F1C18C1C9CA00F0D092 /* Operation */ = {
			isa = PBXGroup;
			children = (
				5B1C9F1D18C1C9CA00F0D092 /* ROperation.h */,
				5B1C9F1E18C1C9CA00F0D092 /* ROperation.m */,
				5B5707A118C2543500CAEA5E /* RExpression+ROperation.h */,
				5B5707A218C2543500CAEA5E /* RExpression+ROperation.m */,
				5B1C9F3C18C1D8CB00F0D092 /* ROperators+NSObject.h */,
				5B1C9F3D18C1D8CB00F0D092 /* ROperators+NSObject.m */,
				5B1C9F4818C21B9A00F0D092 /* ROperators+NSNumber.h */,
				5B1C9F4918C21B9A00F0D092 /* ROperators+NSNumber.m */,
				5B1C9F3818C1CA8300F0D092 /* RUnaryOperation.h */,
				5B1C9F3918C1CA8300F0D092 /* RUnaryOperation.m */,
				5B1C9F4218C1DBC600F0D092 /* RBinaryOperation.h */,
				5B1C9F4318C1DBC600F0D092 /* RBinaryOperation.m */,
			);
			path = Operation;
			sourceTree = "<group>";
		};
		5B1C9F1F18C1C9CA00F0D092 /* Scope */ = {
			isa = PBXGroup;
			children = (
				5B1C9F2018C1C9CA00F0D092 /* RScope.h */,
				5B1C9F2118C1C9CA00F0D092 /* RScope.m */,
				5B57079B18C2501600CAEA5E /* RResult.h */,
				5B57079C18C2501600CAEA5E /* RResult.m */,
			);
			path = Scope;
			sourceTree = "<group>";
		};
		5B1C9F2218C1C9CA00F0D092 /* Storage */ = {
			isa = PBXGroup;
			children = (
				5B1C9F2318C1C9CA00F0D092 /* RVariable.h */,
				5B1C9F2418C1C9CA00F0D092 /* RVariable.m */,
			);
			path = Storage;
			sourceTree = "<group>";
		};
		5B1C9F2518C1C9CA00F0D092 /* Value */ = {
			isa = PBXGroup;
			children = (
				5B1C9F2618C1C9CA00F0D092 /* RConstant.h */,
				5B1C9F2718C1C9CA00F0D092 /* RConstant.m */,
			);
			path = Value;
			sourceTree = "<group>";
		};
/* End PBXGroup section */

/* Begin PBXHeadersBuildPhase section */
		5B1C9E8118BF917500F0D092 /* Headers */ = {
			isa = PBXHeadersBuildPhase;
			buildActionMask = 2147483647;
			files = (
				5B1C9F4418C1DBC600F0D092 /* RBinaryOperation.h in Headers */,
				5B57079D18C2501600CAEA5E /* RResult.h in Headers */,
				5B1C9F4A18C21B9A00F0D092 /* ROperators+NSNumber.h in Headers */,
				5B1C9F3218C1C9CA00F0D092 /* RScope.h in Headers */,
				5B1C9F3018C1C9CA00F0D092 /* ROperation.h in Headers */,
				5B1C9F2C18C1C9CA00F0D092 /* RBranch.h in Headers */,
				5B1C9F2E18C1C9CA00F0D092 /* RLoop.h in Headers */,
				5B1C9F3A18C1CA8300F0D092 /* RUnaryOperation.h in Headers */,
				5B1C9F3E18C1D8CB00F0D092 /* ROperators+NSObject.h in Headers */,
				5B1C9F2A18C1C9CA00F0D092 /* RThing.h in Headers */,
				5B1C9F3618C1C9CA00F0D092 /* RConstant.h in Headers */,
				5B1C9F3418C1C9CA00F0D092 /* RVariable.h in Headers */,
				5B5707A318C2543500CAEA5E /* RExpression+ROperation.h in Headers */,
				5B1C9F2818C1C9CA00F0D092 /* RExpression.h in Headers */,
			);
			runOnlyForDeploymentPostprocessing = 0;
		};
/* End PBXHeadersBuildPhase section */

/* Begin PBXNativeTarget section */
		5B1C9E8218BF917500F0D092 /* Objective-R OS X */ = {
			isa = PBXNativeTarget;
			buildConfigurationList = 5B1C9EA518BF917600F0D092 /* Build configuration list for PBXNativeTarget "Objective-R OS X" */;
			buildPhases = (
				5B1C9E7F18BF917500F0D092 /* Sources */,
				5B1C9E8018BF917500F0D092 /* Frameworks */,
				5B1C9E8118BF917500F0D092 /* Headers */,
			);
			buildRules = (
			);
			dependencies = (
			);
			name = "Objective-R OS X";
			productName = "Objective-R OS X";
			productReference = 5B1C9E8318BF917500F0D092 /* libObjR-OSX.a */;
			productType = "com.apple.product-type.library.static";
		};
		5B1C9ED818BFAFEE00F0D092 /* Objective-R Tests */ = {
			isa = PBXNativeTarget;
			buildConfigurationList = 5B1C9EE818BFAFEE00F0D092 /* Build configuration list for PBXNativeTarget "Objective-R Tests" */;
			buildPhases = (
				5B1C9ED518BFAFEE00F0D092 /* Sources */,
				5B1C9ED618BFAFEE00F0D092 /* Frameworks */,
				5B1C9ED718BFAFEE00F0D092 /* Resources */,
			);
			buildRules = (
			);
			dependencies = (
				5B1C9EE718BFAFEE00F0D092 /* PBXTargetDependency */,
			);
			name = "Objective-R Tests";
			productName = "Objective-R Tests";
			productReference = 5B1C9ED918BFAFEE00F0D092 /* Objective-R Tests.xctest */;
			productType = "com.apple.product-type.bundle.unit-test";
		};
/* End PBXNativeTarget section */

/* Begin PBXProject section */
		5B1C9E7918BF90F900F0D092 /* Project object */ = {
			isa = PBXProject;
			attributes = {
				CLASSPREFIX = R;
				LastUpgradeCheck = 0500;
				ORGANIZATIONNAME = "Triceratops Software, s.r.o.";
				TargetAttributes = {
					5B1C9ED818BFAFEE00F0D092 = {
						TestTargetID = 5B1C9E8218BF917500F0D092;
					};
				};
			};
			buildConfigurationList = 5B1C9E7C18BF90F900F0D092 /* Build configuration list for PBXProject "Objective-R" */;
			compatibilityVersion = "Xcode 3.2";
			developmentRegion = English;
			hasScannedForEncodings = 0;
			knownRegions = (
				en,
			);
			mainGroup = 5B1C9E7818BF90F900F0D092;
			productRefGroup = 5B1C9E8418BF917500F0D092 /* Products */;
			projectDirPath = "";
			projectRoot = "";
			targets = (
				5B1C9E8218BF917500F0D092 /* Objective-R OS X */,
				5B1C9ED818BFAFEE00F0D092 /* Objective-R Tests */,
			);
		};
/* End PBXProject section */

/* Begin PBXResourcesBuildPhase section */
		5B1C9ED718BFAFEE00F0D092 /* Resources */ = {
			isa = PBXResourcesBuildPhase;
			buildActionMask = 2147483647;
			files = (
			);
			runOnlyForDeploymentPostprocessing = 0;
		};
/* End PBXResourcesBuildPhase section */

/* Begin PBXSourcesBuildPhase section */
		5B1C9E7F18BF917500F0D092 /* Sources */ = {
			isa = PBXSourcesBuildPhase;
			buildActionMask = 2147483647;
			files = (
				5B57079E18C2501600CAEA5E /* RResult.m in Sources */,
				5B5707A418C2543500CAEA5E /* RExpression+ROperation.m in Sources */,
				5B1C9F4518C1DBC600F0D092 /* RBinaryOperation.m in Sources */,
				5B1C9F3F18C1D8CB00F0D092 /* ROperators+NSObject.m in Sources */,
				5B1C9F3118C1C9CA00F0D092 /* ROperation.m in Sources */,
				5B1C9F3318C1C9CA00F0D092 /* RScope.m in Sources */,
				5B1C9F3718C1C9CA00F0D092 /* RConstant.m in Sources */,
				5B1C9F3518C1C9CA00F0D092 /* RVariable.m in Sources */,
				5B1C9F2D18C1C9CA00F0D092 /* RBranch.m in Sources */,
				5B1C9F2918C1C9CA00F0D092 /* RExpression.m in Sources */,
				5B1C9F2F18C1C9CA00F0D092 /* RLoop.m in Sources */,
				5B1C9F3B18C1CA8300F0D092 /* RUnaryOperation.m in Sources */,
				5B1C9F4B18C21B9A00F0D092 /* ROperators+NSNumber.m in Sources */,
				5B1C9F2B18C1C9CA00F0D092 /* RThing.m in Sources */,
			);
			runOnlyForDeploymentPostprocessing = 0;
		};
		5B1C9ED518BFAFEE00F0D092 /* Sources */ = {
			isa = PBXSourcesBuildPhase;
			buildActionMask = 2147483647;
			files = (
				5B1C9F4718C21B6100F0D092 /* ROperators+NSNumber_Test.m in Sources */,
				5B5707A018C2512F00CAEA5E /* RScope_Test.m in Sources */,
				5B1C9F4F18C22F6700F0D092 /* RBinaryOperation_Test.m in Sources */,
				5B1C9F4D18C2242100F0D092 /* RUnaryOperation_Test.m in Sources */,
				5B1C9EF218BFB05600F0D092 /* RConstant_Test.m in Sources */,
			);
			runOnlyForDeploymentPostprocessing = 0;
		};
/* End PBXSourcesBuildPhase section */

/* Begin PBXTargetDependency section */
		5B1C9EE718BFAFEE00F0D092 /* PBXTargetDependency */ = {
			isa = PBXTargetDependency;
			target = 5B1C9E8218BF917500F0D092 /* Objective-R OS X */;
			targetProxy = 5B1C9EE618BFAFEE00F0D092 /* PBXContainerItemProxy */;
		};
/* End PBXTargetDependency section */

/* Begin XCBuildConfiguration section */
		5B1C9E7D18BF90F900F0D092 /* Debug */ = {
			isa = XCBuildConfiguration;
			buildSettings = {
				ALWAYS_SEARCH_USER_PATHS = NO;
				CLANG_ANALYZER_SECURITY_FLOATLOOPCOUNTER = YES;
				CLANG_ANALYZER_SECURITY_INSECUREAPI_RAND = YES;
				CLANG_ANALYZER_SECURITY_INSECUREAPI_STRCPY = YES;
				CLANG_CXX_LANGUAGE_STANDARD = "gnu++0x";
				CLANG_CXX_LIBRARY = "libc++";
				CLANG_ENABLE_MODULES = YES;
				CLANG_ENABLE_OBJC_ARC = YES;
				CLANG_STATIC_ANALYZER_MODE = deep;
				CLANG_WARN_BOOL_CONVERSION = YES;
				CLANG_WARN_CONSTANT_CONVERSION = YES;
				CLANG_WARN_DEPRECATED_OBJC_IMPLEMENTATIONS = YES;
				CLANG_WARN_DIRECT_OBJC_ISA_USAGE = YES_ERROR;
				CLANG_WARN_DOCUMENTATION_COMMENTS = YES;
				CLANG_WARN_EMPTY_BODY = YES;
				CLANG_WARN_ENUM_CONVERSION = YES;
				CLANG_WARN_INT_CONVERSION = YES;
				CLANG_WARN_OBJC_EXPLICIT_OWNERSHIP_TYPE = YES;
				CLANG_WARN_OBJC_IMPLICIT_ATOMIC_PROPERTIES = YES;
				CLANG_WARN_OBJC_IMPLICIT_RETAIN_SELF = YES;
				CLANG_WARN_OBJC_REPEATED_USE_OF_WEAK = YES;
				CLANG_WARN_OBJC_ROOT_CLASS = YES_ERROR;
				CLANG_WARN__DUPLICATE_METHOD_MATCH = YES;
				COPY_PHASE_STRIP = NO;
				GCC_C_LANGUAGE_STANDARD = gnu99;
				GCC_DYNAMIC_NO_PIC = NO;
				GCC_OPTIMIZATION_LEVEL = 0;
				GCC_PREPROCESSOR_DEFINITIONS = "DEBUG=1";
				GCC_SYMBOLS_PRIVATE_EXTERN = NO;
				GCC_TREAT_INCOMPATIBLE_POINTER_TYPE_WARNINGS_AS_ERRORS = YES;
				GCC_WARN_64_TO_32_BIT_CONVERSION = YES;
				GCC_WARN_ABOUT_MISSING_NEWLINE = YES;
				GCC_WARN_ABOUT_MISSING_PROTOTYPES = YES;
				GCC_WARN_ABOUT_RETURN_TYPE = YES_ERROR;
				GCC_WARN_FOUR_CHARACTER_CONSTANTS = YES;
				GCC_WARN_UNDECLARED_SELECTOR = YES;
				GCC_WARN_UNINITIALIZED_AUTOS = YES;
				GCC_WARN_UNKNOWN_PRAGMAS = YES;
				GCC_WARN_UNUSED_FUNCTION = YES;
				GCC_WARN_UNUSED_LABEL = YES;
				GCC_WARN_UNUSED_PARAMETER = YES;
				GCC_WARN_UNUSED_VARIABLE = YES;
				ONLY_ACTIVE_ARCH = YES;
				OTHER_LDFLAGS = "-ObjC";
				RUN_CLANG_STATIC_ANALYZER = YES;
				SDKROOT = macosx;
			};
			name = Debug;
		};
		5B1C9E7E18BF90F900F0D092 /* Release */ = {
			isa = XCBuildConfiguration;
			buildSettings = {
				ALWAYS_SEARCH_USER_PATHS = NO;
				CLANG_ANALYZER_SECURITY_FLOATLOOPCOUNTER = YES;
				CLANG_ANALYZER_SECURITY_INSECUREAPI_RAND = YES;
				CLANG_ANALYZER_SECURITY_INSECUREAPI_STRCPY = YES;
				CLANG_CXX_LANGUAGE_STANDARD = "gnu++0x";
				CLANG_CXX_LIBRARY = "libc++";
				CLANG_ENABLE_MODULES = YES;
				CLANG_ENABLE_OBJC_ARC = YES;
				CLANG_STATIC_ANALYZER_MODE = deep;
				CLANG_WARN_BOOL_CONVERSION = YES;
				CLANG_WARN_CONSTANT_CONVERSION = YES;
				CLANG_WARN_DEPRECATED_OBJC_IMPLEMENTATIONS = YES;
				CLANG_WARN_DIRECT_OBJC_ISA_USAGE = YES_ERROR;
				CLANG_WARN_DOCUMENTATION_COMMENTS = YES;
				CLANG_WARN_EMPTY_BODY = YES;
				CLANG_WARN_ENUM_CONVERSION = YES;
				CLANG_WARN_INT_CONVERSION = YES;
				CLANG_WARN_OBJC_EXPLICIT_OWNERSHIP_TYPE = YES;
				CLANG_WARN_OBJC_IMPLICIT_ATOMIC_PROPERTIES = YES;
				CLANG_WARN_OBJC_IMPLICIT_RETAIN_SELF = YES;
				CLANG_WARN_OBJC_REPEATED_USE_OF_WEAK = YES;
				CLANG_WARN_OBJC_ROOT_CLASS = YES_ERROR;
				CLANG_WARN__DUPLICATE_METHOD_MATCH = YES;
				DEBUG_INFORMATION_FORMAT = "dwarf-with-dsym";
				ENABLE_NS_ASSERTIONS = NO;
				GCC_C_LANGUAGE_STANDARD = gnu99;
				GCC_DYNAMIC_NO_PIC = NO;
				GCC_SYMBOLS_PRIVATE_EXTERN = NO;
				GCC_TREAT_INCOMPATIBLE_POINTER_TYPE_WARNINGS_AS_ERRORS = YES;
				GCC_WARN_64_TO_32_BIT_CONVERSION = YES;
				GCC_WARN_ABOUT_MISSING_NEWLINE = YES;
				GCC_WARN_ABOUT_MISSING_PROTOTYPES = YES;
				GCC_WARN_ABOUT_RETURN_TYPE = YES_ERROR;
				GCC_WARN_FOUR_CHARACTER_CONSTANTS = YES;
				GCC_WARN_UNDECLARED_SELECTOR = YES;
				GCC_WARN_UNINITIALIZED_AUTOS = YES;
				GCC_WARN_UNKNOWN_PRAGMAS = YES;
				GCC_WARN_UNUSED_FUNCTION = YES;
				GCC_WARN_UNUSED_LABEL = YES;
				GCC_WARN_UNUSED_PARAMETER = YES;
				GCC_WARN_UNUSED_VARIABLE = YES;
				OTHER_LDFLAGS = "-ObjC";
				RUN_CLANG_STATIC_ANALYZER = YES;
				SDKROOT = macosx;
			};
			name = Release;
		};
		5B1C9EA618BF917600F0D092 /* Debug */ = {
			isa = XCBuildConfiguration;
			buildSettings = {
				PRODUCT_NAME = "ObjR-OSX";
			};
			name = Debug;
		};
		5B1C9EA718BF917600F0D092 /* Release */ = {
			isa = XCBuildConfiguration;
			buildSettings = {
				PRODUCT_NAME = "ObjR-OSX";
			};
			name = Release;
		};
		5B1C9EE918BFAFEE00F0D092 /* Debug */ = {
			isa = XCBuildConfiguration;
			buildSettings = {
				FRAMEWORK_SEARCH_PATHS = (
					"$(DEVELOPER_FRAMEWORKS_DIR)",
					"$(inherited)",
				);
				GCC_PRECOMPILE_PREFIX_HEADER = YES;
				GCC_PREFIX_HEADER = Tests/Prefix.pch;
				INFOPLIST_FILE = Tests/Info.plist;
				PRODUCT_NAME = "$(TARGET_NAME)";
				WRAPPER_EXTENSION = xctest;
			};
			name = Debug;
		};
		5B1C9EEA18BFAFEE00F0D092 /* Release */ = {
			isa = XCBuildConfiguration;
			buildSettings = {
				FRAMEWORK_SEARCH_PATHS = (
					"$(DEVELOPER_FRAMEWORKS_DIR)",
					"$(inherited)",
				);
				GCC_PRECOMPILE_PREFIX_HEADER = YES;
				GCC_PREFIX_HEADER = Tests/Prefix.pch;
				INFOPLIST_FILE = Tests/Info.plist;
				PRODUCT_NAME = "$(TARGET_NAME)";
				WRAPPER_EXTENSION = xctest;
			};
			name = Release;
		};
/* End XCBuildConfiguration section */

/* Begin XCConfigurationList section */
		5B1C9E7C18BF90F900F0D092 /* Build configuration list for PBXProject "Objective-R" */ = {
			isa = XCConfigurationList;
			buildConfigurations = (
				5B1C9E7D18BF90F900F0D092 /* Debug */,
				5B1C9E7E18BF90F900F0D092 /* Release */,
			);
			defaultConfigurationIsVisible = 0;
			defaultConfigurationName = Release;
		};
		5B1C9EA518BF917600F0D092 /* Build configuration list for PBXNativeTarget "Objective-R OS X" */ = {
			isa = XCConfigurationList;
			buildConfigurations = (
				5B1C9EA618BF917600F0D092 /* Debug */,
				5B1C9EA718BF917600F0D092 /* Release */,
			);
			defaultConfigurationIsVisible = 0;
			defaultConfigurationName = Release;
		};
		5B1C9EE818BFAFEE00F0D092 /* Build configuration list for PBXNativeTarget "Objective-R Tests" */ = {
			isa = XCConfigurationList;
			buildConfigurations = (
				5B1C9EE918BFAFEE00F0D092 /* Debug */,
				5B1C9EEA18BFAFEE00F0D092 /* Release */,
			);
			defaultConfigurationIsVisible = 0;
			defaultConfigurationName = Release;
		};
/* End XCConfigurationList section */
	};
	rootObject = 5B1C9E7918BF90F900F0D092 /* Project object */;
}
